
Microsoft Visual Studio Solution File, Format Version 12.00
# Visual Studio Version 17
VisualStudioVersion = 17.10.35122.118
MinimumVisualStudioVersion = 10.0.40219.1
Project("{FAE04EC0-301F-11D3-BF4B-00C04F79EFBC}") = "wcf", "wcf\wcf.csproj", "{489A7E43-D713-45F6-83F9-2948AC8E766C}"
EndProject
Project("{FAE04EC0-301F-11D3-BF4B-00C04F79EFBC}") = "ChatHost", "ChatHost\ChatHost.csproj", "{6A5F3B0F-CDFA-4455-9859-F2479EF94960}"
EndProject
Project("{FAE04EC0-301F-11D3-BF4B-00C04F79EFBC}") = "ChatClient", "ChatClient\ChatClient.csproj", "{2D652E7B-2D48-4701-B8F0-6FAC261B6379}"
EndProject
Global
	GlobalSection(SolutionConfigurationPlatforms) = preSolution
		Debug|Any CPU = Debug|Any CPU
		Release|Any CPU = Release|Any CPU
	EndGlobalSection
	GlobalSection(ProjectConfigurationPlatforms) = postSolution
		{489A7E43-D713-45F6-83F9-2948AC8E766C}.Debug|Any CPU.ActiveCfg = Debug|Any CPU
		{489A7E43-D713-45F6-83F9-2948AC8E766C}.Debug|Any CPU.Build.0 = Debug|Any CPU
		{489A7E43-D713-45F6-83F9-2948AC8E766C}.Release|Any CPU.ActiveCfg = Release|Any CPU
		{489A7E43-D713-45F6-83F9-2948AC8E766C}.Release|Any CPU.Build.0 = Release|Any CPU
		{6A5F3B0F-CDFA-4455-9859-F2479EF94960}.Debug|Any CPU.ActiveCfg = Debug|Any CPU
		{6A5F3B0F-CDFA-4455-9859-F2479EF94960}.Debug|Any CPU.Build.0 = Debug|Any CPU
		{6A5F3B0F-CDFA-4455-9859-F2479EF94960}.Release|Any CPU.ActiveCfg = Release|Any CPU
		{6A5F3B0F-CDFA-4455-9859-F2479EF94960}.Release|Any CPU.Build.0 = Release|Any CPU
		{2D652E7B-2D48-4701-B8F0-6FAC261B6379}.Debug|Any CPU.ActiveCfg = Debug|Any CPU
		{2D652E7B-2D48-4701-B8F0-6FAC261B6379}.Debug|Any CPU.Build.0 = Debug|Any CPU
		{2D652E7B-2D48-4701-B8F0-6FAC261B6379}.Release|Any CPU.ActiveCfg = Release|Any CPU
		{2D652E7B-2D48-4701-B8F0-6FAC261B6379}.Release|Any CPU.Build.0 = Release|Any CPU
	EndGlobalSection
	GlobalSection(SolutionProperties) = preSolution
		HideSolutionNode = FALSE
	EndGlobalSection
	GlobalSection(ExtensibilityGlobals) = postSolution
		SolutionGuid = {303BA4B1-C6E9-4E95-B1EF-543481158093}
	EndGlobalSection
EndGlobal
